
Microsoft Visual Studio Solution File, Format Version 12.00
# Visual Studio Version 16
VisualStudioVersion = 16.0.30503.244
MinimumVisualStudioVersion = 10.0.40219.1
Project("{FAE04EC0-301F-11D3-BF4B-00C04F79EFBC}") = "Towers", "Towers\Towers.csproj", "{D4653552-F89B-49CF-9FF4-69BE4BF93F27}"
EndProject
Global
	GlobalSection(SolutionConfigurationPlatforms) = preSolution
		Debug|Any CPU = Debug|Any CPU
		Release|Any CPU = Release|Any CPU
	EndGlobalSection
	GlobalSection(ProjectConfigurationPlatforms) = postSolution
		{D4653552-F89B-49CF-9FF4-69BE4BF93F27}.Debug|Any CPU.ActiveCfg = Debug|Any CPU
		{D4653552-F89B-49CF-9FF4-69BE4BF93F27}.Debug|Any CPU.Build.0 = Debug|Any CPU
		{D4653552-F89B-49CF-9FF4-69BE4BF93F27}.Release|Any CPU.ActiveCfg = Release|Any CPU
		{D4653552-F89B-49CF-9FF4-69BE4BF93F27}.Release|Any CPU.Build.0 = Release|Any CPU
	EndGlobalSection
	GlobalSection(SolutionProperties) = preSolution
		HideSolutionNode = FALSE
	EndGlobalSection
	GlobalSection(ExtensibilityGlobals) = postSolution
		SolutionGuid = {C1173099-E1EC-4118-AAC4-50F60D1F2DC2}
	EndGlobalSection
EndGlobal
